// !$*UTF8*$!
{
	archiveVersion = 1;
	classes = {
	};
	objectVersion = 46;
	objects = {

/* Begin PBXBuildFile section */
		96A526A51DEEB6D0000AF87A /* AppDelegate.swift in Sources */ = {isa = PBXBuildFile; fileRef = 96A526A41DEEB6D0000AF87A /* AppDelegate.swift */; };
		96A526A71DEEB6D0000AF87A /* ViewController.swift in Sources */ = {isa = PBXBuildFile; fileRef = 96A526A61DEEB6D0000AF87A /* ViewController.swift */; };
		96A526AA1DEEB6D0000AF87A /* Main.storyboard in Resources */ = {isa = PBXBuildFile; fileRef = 96A526A81DEEB6D0000AF87A /* Main.storyboard */; };
		96A526AC1DEEB6D1000AF87A /* Assets.xcassets in Resources */ = {isa = PBXBuildFile; fileRef = 96A526AB1DEEB6D1000AF87A /* Assets.xcassets */; };
		96A526AF1DEEB6D1000AF87A /* LaunchScreen.storyboard in Resources */ = {isa = PBXBuildFile; fileRef = 96A526AD1DEEB6D1000AF87A /* LaunchScreen.storyboard */; };
/* End PBXBuildFile section */

/* Begin PBXFileReference section */
		96A526A11DEEB6D0000AF87A /* TallyApp.app */ = {isa = PBXFileReference; explicitFileType = wrapper.application; includeInIndex = 0; path = TallyApp.app; sourceTree = BUILT_PRODUCTS_DIR; };
		96A526A41DEEB6D0000AF87A /* AppDelegate.swift */ = {isa = PBXFileReference; lastKnownFileType = sourcecode.swift; path = AppDelegate.swift; sourceTree = "<group>"; };
		96A526A61DEEB6D0000AF87A /* ViewController.swift */ = {isa = PBXFileReference; lastKnownFileType = sourcecode.swift; path = ViewController.swift; sourceTree = "<group>"; };
		96A526A91DEEB6D0000AF87A /* Base */ = {isa = PBXFileReference; lastKnownFileType = file.storyboard; name = Base; path = Base.lproj/Main.storyboard; sourceTree = "<group>"; };
		96A526AB1DEEB6D1000AF87A /* Assets.xcassets */ = {isa = PBXFileReference; lastKnownFileType = folder.assetcatalog; path = Assets.xcassets; sourceTree = "<group>"; };
		96A526AE1DEEB6D1000AF87A /* Base */ = {isa = PBXFileReference; lastKnownFileType = file.storyboard; name = Base; path = Base.lproj/LaunchScreen.storyboard; sourceTree = "<group>"; };
		96A526B01DEEB6D1000AF87A /* Info.plist */ = {isa = PBXFileReference; lastKnownFileType = text.plist.xml; path = Info.plist; sourceTree = "<group>"; };
/* End PBXFileReference section */

/* Begin PBXFrameworksBuildPhase section */
		96A5269E1DEEB6D0000AF87A /* Frameworks */ = {
			isa = PBXFrameworksBuildPhase;
			buildActionMask = 2147483647;
			files = (
			);
			runOnlyForDeploymentPostprocessing = 0;
		};
/* End PBXFrameworksBuildPhase section */

/* Begin PBXGroup section */
		96A526981DEEB6D0000AF87A = {
			isa = PBXGroup;
			children = (
				96A526A31DEEB6D0000AF87A /* TallyApp */,
				96A526A21DEEB6D0000AF87A /* Products */,
			);
			sourceTree = "<group>";
		};
		96A526A21DEEB6D0000AF87A /* Products */ = {
			isa = PBXGroup;
			children = (
				96A526A11DEEB6D0000AF87A /* TallyApp.app */,
			);
			name = Products;
			sourceTree = "<group>";
		};
		96A526A31DEEB6D0000AF87A /* TallyApp */ = {
			isa = PBXGroup;
			children = (
				96A526A41DEEB6D0000AF87A /* AppDelegate.swift */,
				96A526A61DEEB6D0000AF87A /* ViewController.swift */,
				96A526A81DEEB6D0000AF87A /* Main.storyboard */,
				96A526AB1DEEB6D1000AF87A /* Assets.xcassets */,
				96A526AD1DEEB6D1000AF87A /* LaunchScreen.storyboard */,
				96A526B01DEEB6D1000AF87A /* Info.plist */,
			);
			path = TallyApp;
			sourceTree = "<group>";
		};
/* End PBXGroup section */

/* Begin PBXNativeTarget section */
		96A526A01DEEB6D0000AF87A /* TallyApp */ = {
			isa = PBXNativeTarget;
			buildConfigurationList = 96A526B31DEEB6D1000AF87A /* Build configuration list for PBXNativeTarget "TallyApp" */;
			buildPhases = (
				96A5269D1DEEB6D0000AF87A /* Sources */,
				96A5269E1DEEB6D0000AF87A /* Frameworks */,
				96A5269F1DEEB6D0000AF87A /* Resources */,
			);
			buildRules = (
			);
			dependencies = (
			);
			name = TallyApp;
			productName = TallyApp;
			productReference = 96A526A11DEEB6D0000AF87A /* TallyApp.app */;
			productType = "com.apple.product-type.application";
		};
/* End PBXNativeTarget section */

/* Begin PBXProject section */
		96A526991DEEB6D0000AF87A /* Project object */ = {
			isa = PBXProject;
			attributes = {
				LastSwiftUpdateCheck = 0810;
				LastUpgradeCheck = 0810;
				ORGANIZATIONNAME = "Jason Holdsworth";
				TargetAttributes = {
					96A526A01DEEB6D0000AF87A = {
						CreatedOnToolsVersion = 8.1;
						DevelopmentTeam = 2Q67R6SSZJ;
						ProvisioningStyle = Automatic;
					};
				};
			};
			buildConfigurationList = 96A5269C1DEEB6D0000AF87A /* Build configuration list for PBXProject "TallyApp" */;
			compatibilityVersion = "Xcode 3.2";
			developmentRegion = English;
			hasScannedForEncodings = 0;
			knownRegions = (
				en,
				Base,
			);
			mainGroup = 96A526981DEEB6D0000AF87A;
			productRefGroup = 96A526A21DEEB6D0000AF87A /* Products */;
			projectDirPath = "";
			projectRoot = "";
			targets = (
				96A526A01DEEB6D0000AF87A /* TallyApp */,
			);
		};
/* End PBXProject section */

/* Begin PBXResourcesBuildPhase section */
		96A5269F1DEEB6D0000AF87A /* Resources */ = {
			isa = PBXResourcesBuildPhase;
			buildActionMask = 2147483647;
			files = (
				96A526AF1DEEB6D1000AF87A /* LaunchScreen.storyboard in Resources */,
				96A526AC1DEEB6D1000AF87A /* Assets.xcassets in Resources */,
				96A526AA1DEEB6D0000AF87A /* Main.storyboard in Resources */,
			);
			runOnlyForDeploymentPostprocessing = 0;
		};
/* End PBXResourcesBuildPhase section */

/* Begin PBXSourcesBuildPhase section */
		96A5269D1DEEB6D0000AF87A /* Sources */ = {
			isa = PBXSourcesBuildPhase;
			buildActionMask = 2147483647;
			files = (
				96A526A71DEEB6D0000AF87A /* ViewController.swift in Sources */,
				96A526A51DEEB6D0000AF87A /* AppDelegate.swift in Sources */,
			);
			runOnlyForDeploymentPostprocessing = 0;
		};
/* End PBXSourcesBuildPhase section */

/* Begin PBXVariantGroup section */
		96A526A81DEEB6D0000AF87A /* Main.storyboard */ = {
			isa = PBXVariantGroup;
			children = (
				96A526A91DEEB6D0000AF87A /* Base */,
			);
			name = Main.storyboard;
			sourceTree = "<group>";
		};
		96A526AD1DEEB6D1000AF87A /* LaunchScreen.storyboard */ = {
			isa = PBXVariantGroup;
			children = (
				96A526AE1DEEB6D1000AF87A /* Base */,
			);
			name = LaunchScreen.storyboard;
			sourceTree = "<group>";
		};
/* End PBXVariantGroup section */

/* Begin XCBuildConfiguration section */
		96A526B11DEEB6D1000AF87A /* Debug */ = {
			isa = XCBuildConfiguration;
			buildSettings = {
				ALWAYS_SEARCH_USER_PATHS = NO;
				CLANG_ANALYZER_NONNULL = YES;
				CLANG_CXX_LANGUAGE_STANDARD = "gnu++0x";
				CLANG_CXX_LIBRARY = "libc++";
				CLANG_ENABLE_MODULES = YES;
				CLANG_ENABLE_OBJC_ARC = YES;
				CLANG_WARN_BOOL_CONVERSION = YES;
				CLANG_WARN_CONSTANT_CONVERSION = YES;
				CLANG_WARN_DIRECT_OBJC_ISA_USAGE = YES_ERROR;
				CLANG_WARN_DOCUMENTATION_COMMENTS = YES;
				CLANG_WARN_EMPTY_BODY = YES;
				CLANG_WARN_ENUM_CONVERSION = YES;
				CLANG_WARN_INFINITE_RECURSION = YES;
				CLANG_WARN_INT_CONVERSION = YES;
				CLANG_WARN_OBJC_ROOT_CLASS = YES_ERROR;
				CLANG_WARN_SUSPICIOUS_MOVES = YES;
				CLANG_WARN_UNREACHABLE_CODE = YES;
				CLANG_WARN__DUPLICATE_METHOD_MATCH = YES;
				"CODE_SIGN_IDENTITY[sdk=iphoneos*]" = "iPhone Developer";
				COPY_PHASE_STRIP = NO;
				DEBUG_INFORMATION_FORMAT = dwarf;
				ENABLE_STRICT_OBJC_MSGSEND = YES;
				ENABLE_TESTABILITY = YES;
				GCC_C_LANGUAGE_STANDARD = gnu99;
				GCC_DYNAMIC_NO_PIC = NO;
				GCC_NO_COMMON_BLOCKS = YES;
				GCC_OPTIMIZATION_LEVEL = 0;
				GCC_PREPROCESSOR_DEFINITIONS = (
					"DEBUG=1",
					"$(inherited)",
				);
				GCC_WARN_64_TO_32_BIT_CONVERSION = YES;
				GCC_WARN_ABOUT_RETURN_TYPE = YES_ERROR;
				GCC_WARN_UNDECLARED_SELECTOR = YES;
				GCC_WARN_UNINITIALIZED_AUTOS = YES_AGGRESSIVE;
				GCC_WARN_UNUSED_FUNCTION = YES;
				GCC_WARN_UNUSED_VARIABLE = YES;
				IPHONEOS_DEPLOYMENT_TARGET = 10.1;
				MTL_ENABLE_DEBUG_INFO = YES;
				ONLY_ACTIVE_ARCH = YES;
				SDKROOT = iphoneos;
				SWIFT_ACTIVE_COMPILATION_CONDITIONS = DEBUG;
				SWIFT_OPTIMIZATION_LEVEL = "-Onone";
			};
			name = Debug;
		};
		96A526B21DEEB6D1000AF87A /* Release */ = {
			isa = XCBuildConfiguration;
			buildSettings = {
				ALWAYS_SEARCH_USER_PATHS = NO;
				CLANG_ANALYZER_NONNULL = YES;
				CLANG_CXX_LANGUAGE_STANDARD = "gnu++0x";
				CLANG_CXX_LIBRARY = "libc++";
				CLANG_ENABLE_MODULES = YES;
				CLANG_ENABLE_OBJC_ARC = YES;
				CLANG_WARN_BOOL_CONVERSION = YES;
				CLANG_WARN_CONSTANT_CONVERSION = YES;
				CLANG_WARN_DIRECT_OBJC_ISA_USAGE = YES_ERROR;
				CLANG_WARN_DOCUMENTATION_COMMENTS = YES;
				CLANG_WARN_EMPTY_BODY = YES;
				CLANG_WARN_ENUM_CONVERSION = YES;
				CLANG_WARN_INFINITE_RECURSION = YES;
				CLANG_WARN_INT_CONVERSION = YES;
				CLANG_WARN_OBJC_ROOT_CLASS = YES_ERROR;
				CLANG_WARN_SUSPICIOUS_MOVES = YES;
				CLANG_WARN_UNREACHABLE_CODE = YES;
				CLANG_WARN__DUPLICATE_METHOD_MATCH = YES;
				"CODE_SIGN_IDENTITY[sdk=iphoneos*]" = "iPhone Developer";
				COPY_PHASE_STRIP = NO;
				DEBUG_INFORMATION_FORMAT = "dwarf-with-dsym";
				ENABLE_NS_ASSERTIONS = NO;
				ENABLE_STRICT_OBJC_MSGSEND = YES;
				GCC_C_LANGUAGE_STANDARD = gnu99;
				GCC_NO_COMMON_BLOCKS = YES;
				GCC_WARN_64_TO_32_BIT_CONVERSION = YES;
				GCC_WARN_ABOUT_RETURN_TYPE = YES_ERROR;
				GCC_WARN_UNDECLARED_SELECTOR = YES;
				GCC_WARN_UNINITIALIZED_AUTOS = YES_AGGRESSIVE;
				GCC_WARN_UNUSED_FUNCTION = YES;
				GCC_WARN_UNUSED_VARIABLE = YES;
				IPHONEOS_DEPLOYMENT_TARGET = 10.1;
				MTL_ENABLE_DEBUG_INFO = NO;
				SDKROOT = iphoneos;
				SWIFT_OPTIMIZATION_LEVEL = "-Owholemodule";
				VALIDATE_PRODUCT = YES;
			};
			name = Release;
		};
		96A526B41DEEB6D1000AF87A /* Debug */ = {
			isa = XCBuildConfiguration;
			buildSettings = {
				ASSETCATALOG_COMPILER_APPICON_NAME = AppIcon;
				DEVELOPMENT_TEAM = 2Q67R6SSZJ;
				INFOPLIST_FILE = TallyApp/Info.plist;
				LD_RUNPATH_SEARCH_PATHS = "$(inherited) @executable_path/Frameworks";
				PRODUCT_BUNDLE_IDENTIFIER = net.crunchycodes.TallyApp;
				PRODUCT_NAME = "$(TARGET_NAME)";
				SWIFT_VERSION = 3.0;
			};
			name = Debug;
		};
		96A526B51DEEB6D1000AF87A /* Release */ = {
			isa = XCBuildConfiguration;
			buildSettings = {
				ASSETCATALOG_COMPILER_APPICON_NAME = AppIcon;
				DEVELOPMENT_TEAM = 2Q67R6SSZJ;
				INFOPLIST_FILE = TallyApp/Info.plist;
				LD_RUNPATH_SEARCH_PATHS = "$(inherited) @executable_path/Frameworks";
				PRODUCT_BUNDLE_IDENTIFIER = net.crunchycodes.TallyApp;
				PRODUCT_NAME = "$(TARGET_NAME)";
				SWIFT_VERSION = 3.0;
			};
			name = Release;
		};
/* End XCBuildConfiguration section */

/* Begin XCConfigurationList section */
		96A5269C1DEEB6D0000AF87A /* Build configuration list for PBXProject "TallyApp" */ = {
			isa = XCConfigurationList;
			buildConfigurations = (
				96A526B11DEEB6D1000AF87A /* Debug */,
				96A526B21DEEB6D1000AF87A /* Release */,
			);
			defaultConfigurationIsVisible = 0;
			defaultConfigurationName = Release;
		};
		96A526B31DEEB6D1000AF87A /* Build configuration list for PBXNativeTarget "TallyApp" */ = {
			isa = XCConfigurationList;
			buildConfigurations = (
				96A526B41DEEB6D1000AF87A /* Debug */,
				96A526B51DEEB6D1000AF87A /* Release */,
			);
			defaultConfigurationIsVisible = 0;
		};
/* End XCConfigurationList section */
	};
	rootObject = 96A526991DEEB6D0000AF87A /* Project object */;
}
